<?xml version="1.0" encoding="utf-8"?>
<Project ToolsVersion="4.0" xmlns="http://schemas.microsoft.com/developer/msbuild/2003">
  <ItemGroup>
    <Filter Include="ソース ファイル">
      <UniqueIdentifier>{4FC737F1-C7A5-4376-A066-2A32D752A2FF}</UniqueIdentifier>
      <Extensions>cpp;c;cc;cxx;def;odl;idl;hpj;bat;asm;asmx</Extensions>
    </Filter>
    <Filter Include="リソース ファイル">
      <UniqueIdentifier>{67DA6AB6-F800-4c08-8B7A-83BB121AAD01}</UniqueIdentifier>
      <Extensions>rc;ico;cur;bmp;dlg;rc2;rct;bin;rgs;gif;jpg;jpeg;jpe;resx;tiff;tif;png;wav;mfcribbon-ms</Extensions>
    </Filter>
    <Filter Include="ソース ファイル\System">
      <UniqueIdentifier>{a50e92f6-a2e1-45c7-9266-ab37db078830}</UniqueIdentifier>
    </Filter>
    <Filter Include="ImGui">
      <UniqueIdentifier>{45fcb033-e546-430e-a6a2-d213e48ebdeb}</UniqueIdentifier>
    </Filter>
    <Filter Include="ImGui\Header">
      <UniqueIdentifier>{4bcba81b-ef81-4e10-a0c1-f49340a255d6}</UniqueIdentifier>
    </Filter>
    <Filter Include="ImGui\Source">
      <UniqueIdentifier>{f70af235-3573-4f75-951e-b9c04aca6afe}</UniqueIdentifier>
    </Filter>
    <Filter Include="Data">
      <UniqueIdentifier>{2ef6b4ac-4695-4325-9811-0ddea1adadc2}</UniqueIdentifier>
    </Filter>
    <Filter Include="Data\ShaderFile">
      <UniqueIdentifier>{c231bc3f-7bb5-4758-8189-3dd3f2c4e880}</UniqueIdentifier>
    </Filter>
    <Filter Include="Data\ShaderFile\2D">
      <UniqueIdentifier>{e69a4d85-a117-424c-a82d-47944e3159e3}</UniqueIdentifier>
    </Filter>
    <Filter Include="ソース ファイル\Scene">
      <UniqueIdentifier>{33f47da5-f108-449f-b176-ca4d9c864a25}</UniqueIdentifier>
    </Filter>
    <Filter Include="Data\ShaderFile\3D">
      <UniqueIdentifier>{352c4d93-7bba-4dba-9ab3-25bd2e6f39fa}</UniqueIdentifier>
    </Filter>
    <Filter Include="Lobelia">
      <UniqueIdentifier>{3403b8c2-8438-4534-a535-3367f7476b8e}</UniqueIdentifier>
    </Filter>
    <Filter Include="Lobelia\Application">
      <UniqueIdentifier>{f4887081-21ca-49ee-a1c0-376a18c89c8d}</UniqueIdentifier>
    </Filter>
    <Filter Include="Lobelia\Audio">
      <UniqueIdentifier>{ec3e7d44-de4f-4f64-b62f-6358464fba25}</UniqueIdentifier>
    </Filter>
    <Filter Include="Lobelia\Audio\Bank">
      <UniqueIdentifier>{a40caae5-9487-42e3-a5d8-1df2d40a08a3}</UniqueIdentifier>
    </Filter>
    <Filter Include="Lobelia\Audio\Device">
      <UniqueIdentifier>{dbf106e6-01ee-4fdf-be53-861f6345ed2c}</UniqueIdentifier>
    </Filter>
    <Filter Include="Lobelia\Audio\Voice">
      <UniqueIdentifier>{b7761b5c-e552-4824-9707-23368775134d}</UniqueIdentifier>
    </Filter>
    <Filter Include="Lobelia\Audio\Loader">
      <UniqueIdentifier>{71ec91e6-f33d-4bec-b342-129ff73b85cd}</UniqueIdentifier>
    </Filter>
    <Filter Include="Lobelia\Common">
      <UniqueIdentifier>{9450ad1d-5c97-4827-907c-0f2fae06cb82}</UniqueIdentifier>
    </Filter>
    <Filter Include="Lobelia\Common\Define">
      <UniqueIdentifier>{2b652bdb-dd1e-4c5e-89bf-cce4e8037c29}</UniqueIdentifier>
    </Filter>
    <Filter Include="Lobelia\Common\Timer">
      <UniqueIdentifier>{9147d97a-3d04-4681-9e63-dee180a42e05}</UniqueIdentifier>
    </Filter>
    <Filter Include="Lobelia\Common\Utility">
      <UniqueIdentifier>{f78739ff-614c-49e7-979d-587fbce9f958}</UniqueIdentifier>
    </Filter>
    <Filter Include="Lobelia\Common\Utility\FileController">
      <UniqueIdentifier>{ae8e8bac-5e42-45f6-8141-e583b17d8162}</UniqueIdentifier>
    </Filter>
    <Filter Include="Lobelia\Common\Utility\FilePathControl">
      <UniqueIdentifier>{5e25be80-aa2c-40a6-8f5f-36ca64a331f4}</UniqueIdentifier>
    </Filter>
    <Filter Include="Lobelia\Common\Utility\ResourceBank">
      <UniqueIdentifier>{917d0831-0270-4335-887f-01aadc70a589}</UniqueIdentifier>
    </Filter>
    <Filter Include="Lobelia\Common\Window">
      <UniqueIdentifier>{b056251a-44f9-4db9-b9b6-c65e0e90e0a0}</UniqueIdentifier>
    </Filter>
    <Filter Include="Lobelia\Config">
      <UniqueIdentifier>{443ddc7e-ed21-46ff-bfa5-61693c0125ce}</UniqueIdentifier>
    </Filter>
    <Filter Include="Lobelia\Console">
      <UniqueIdentifier>{e49a1296-9a38-4ec6-9ced-ce4cf2207d62}</UniqueIdentifier>
    </Filter>
    <Filter Include="Lobelia\Exception">
      <UniqueIdentifier>{8eb5bac5-cebd-49ff-83f3-982e0a329717}</UniqueIdentifier>
    </Filter>
    <Filter Include="Lobelia\Graphics">
      <UniqueIdentifier>{8b8794c0-20cc-4a32-af50-61bfdd861e53}</UniqueIdentifier>
    </Filter>
    <Filter Include="Lobelia\Graphics\BufferCreator">
      <UniqueIdentifier>{948ae798-f956-4d4b-9034-485f45c5976d}</UniqueIdentifier>
    </Filter>
    <Filter Include="Lobelia\Graphics\ConstantBuffer">
      <UniqueIdentifier>{2753b0a6-ef8d-4d9a-bc10-644b1cb93ff4}</UniqueIdentifier>
    </Filter>
    <Filter Include="Lobelia\Graphics\Device">
      <UniqueIdentifier>{a7cb73b8-8d01-4a2f-a7c5-69ee8f12eed4}</UniqueIdentifier>
    </Filter>
    <Filter Include="Lobelia\Graphics\DisplayInfo">
      <UniqueIdentifier>{7c0e3c54-d361-4d28-a1cf-523a7bc4d9c3}</UniqueIdentifier>
    </Filter>
    <Filter Include="Lobelia\Graphics\Environment">
      <UniqueIdentifier>{1e18623e-1599-40fa-b2c0-a467460aa447}</UniqueIdentifier>
    </Filter>
    <Filter Include="Lobelia\Graphics\GraphicDriverInfo">
      <UniqueIdentifier>{e8e89c4f-c0db-4e0e-b535-b551b6b199a4}</UniqueIdentifier>
    </Filter>
    <Filter Include="Lobelia\Graphics\InputLayout">
      <UniqueIdentifier>{e4057f20-415c-4d8a-a616-bd988ab7b59c}</UniqueIdentifier>
    </Filter>
    <Filter Include="Lobelia\Graphics\Material">
      <UniqueIdentifier>{3bf4af8c-8a7c-4650-bdf4-fab6e87b013c}</UniqueIdentifier>
    </Filter>
    <Filter Include="Lobelia\Graphics\Mesh">
      <UniqueIdentifier>{a4bd2e6d-aa33-4cac-855c-9b051a3cf0e7}</UniqueIdentifier>
    </Filter>
    <Filter Include="Lobelia\Graphics\Model">
      <UniqueIdentifier>{0dd486c9-3a0c-424e-9333-788f54c5d2ef}</UniqueIdentifier>
    </Filter>
    <Filter Include="Lobelia\Graphics\Origin">
      <UniqueIdentifier>{78c97518-a884-4910-b1c1-c46a45e8b7fe}</UniqueIdentifier>
    </Filter>
    <Filter Include="Lobelia\Graphics\Renderer">
      <UniqueIdentifier>{3ca5b6e9-e29b-4828-8c99-dfb45c70a631}</UniqueIdentifier>
    </Filter>
    <Filter Include="Lobelia\Graphics\RenderState">
      <UniqueIdentifier>{bf8ea203-b57d-4668-8722-f0d2d4c7b7ef}</UniqueIdentifier>
    </Filter>
    <Filter Include="Lobelia\Graphics\RenderTarget">
      <UniqueIdentifier>{1cadc166-d8c4-4cd7-94f3-3f891c4628e4}</UniqueIdentifier>
    </Filter>
    <Filter Include="Lobelia\Graphics\Shader">
      <UniqueIdentifier>{3a3dac7e-2e93-4da8-963f-4ece95831ecd}</UniqueIdentifier>
    </Filter>
    <Filter Include="Lobelia\Graphics\Shader\Reflection">
      <UniqueIdentifier>{f545aa7f-c234-4900-8ef0-321838fd4c17}</UniqueIdentifier>
    </Filter>
    <Filter Include="Lobelia\Graphics\Sprite">
      <UniqueIdentifier>{73e7bc77-0731-4e58-9ef2-b41e8ce32760}</UniqueIdentifier>
    </Filter>
    <Filter Include="Lobelia\Graphics\SwapChain">
      <UniqueIdentifier>{0ef6968f-17a8-44c3-8e75-ebabd77fb8db}</UniqueIdentifier>
    </Filter>
    <Filter Include="Lobelia\Graphics\SwapChain\ToneCurve">
      <UniqueIdentifier>{4a993112-626b-4e9f-8028-29eef5c135df}</UniqueIdentifier>
    </Filter>
    <Filter Include="Lobelia\Graphics\Texture">
      <UniqueIdentifier>{08b76c7f-8356-4bc9-89d5-e872ffad784e}</UniqueIdentifier>
    </Filter>
    <Filter Include="Lobelia\Graphics\Transform">
      <UniqueIdentifier>{06df434e-d01a-4587-8087-d43b069c60e1}</UniqueIdentifier>
    </Filter>
    <Filter Include="Lobelia\Graphics\View">
      <UniqueIdentifier>{2822b8db-3d3c-4dd9-a9c9-4eefd45e35d8}</UniqueIdentifier>
    </Filter>
    <Filter Include="Lobelia\Math">
      <UniqueIdentifier>{f8bcaca1-cc17-4d19-a82d-f2284ef255b7}</UniqueIdentifier>
    </Filter>
    <Filter Include="Lobelia\Movie">
      <UniqueIdentifier>{d412386c-bd30-44ab-a91f-6f5b5a9e55ae}</UniqueIdentifier>
    </Filter>
    <Filter Include="Lobelia\Scene">
      <UniqueIdentifier>{b72dc6f7-f30a-4047-a512-81bdcf7a7306}</UniqueIdentifier>
    </Filter>
    <Filter Include="Lobelia\Common\Literal">
      <UniqueIdentifier>{62932118-0dd9-4a4d-93ae-5201d216e382}</UniqueIdentifier>
    </Filter>
    <Filter Include="Lobelia\Network">
      <UniqueIdentifier>{87d8f632-3063-496e-bbeb-050dd528c7e5}</UniqueIdentifier>
    </Filter>
    <Filter Include="Lobelia\Graphics\GPUParticle">
      <UniqueIdentifier>{f3c19d5d-fb8b-40c8-955c-374a9b38aa32}</UniqueIdentifier>
    </Filter>
    <Filter Include="Data\ShaderFile\Common">
      <UniqueIdentifier>{26e89f43-b344-4f12-b33b-129d640081c8}</UniqueIdentifier>
    </Filter>
    <Filter Include="Data\ShaderFile\GPUParticle">
      <UniqueIdentifier>{de53e9da-adc2-49a1-ba48-52fa4d7390b3}</UniqueIdentifier>
    </Filter>
    <Filter Include="Lobelia\Graphics\Direct2D">
      <UniqueIdentifier>{d19731a9-6308-4cff-81a1-f2cf50932a9e}</UniqueIdentifier>
    </Filter>
    <Filter Include="Lobelia\Game">
      <UniqueIdentifier>{2f923bf2-d769-46ff-a733-8fb5e54259cb}</UniqueIdentifier>
    </Filter>
    <Filter Include="Lobelia\Game\DesignPattern">
      <UniqueIdentifier>{f0d93c4d-707e-4bfa-96cd-1bda9b354400}</UniqueIdentifier>
    </Filter>
    <Filter Include="Lobelia\Input">
      <UniqueIdentifier>{e81b2203-2fa2-413e-95a5-e6d092479fbc}</UniqueIdentifier>
    </Filter>
    <Filter Include="Lobelia\XML">
      <UniqueIdentifier>{175930ec-4cb1-48ba-9c8f-9c21e98671a8}</UniqueIdentifier>
    </Filter>
    <Filter Include="Lobelia\Graphics\Experimental">
      <UniqueIdentifier>{569f420f-a2e5-4780-96b6-68ce2a874100}</UniqueIdentifier>
    </Filter>
    <Filter Include="Lobelia\Graphics\RenderableObject">
      <UniqueIdentifier>{cea52096-8af5-45fe-b270-ef009dfcf609}</UniqueIdentifier>
    </Filter>
    <Filter Include="Lobelia\Input\Keyboard">
      <UniqueIdentifier>{c627240c-8332-4a0b-ad68-72c65377c695}</UniqueIdentifier>
    </Filter>
    <Filter Include="Lobelia\Input\Mouse">
      <UniqueIdentifier>{22c175ce-ddba-405c-bcd4-deaf53743cba}</UniqueIdentifier>
    </Filter>
    <Filter Include="Lobelia\Input\Joystick">
      <UniqueIdentifier>{37d734e5-f172-417f-aba9-a14297786d9c}</UniqueIdentifier>
    </Filter>
    <Filter Include="Lobelia\Game\PathPlanner">
      <UniqueIdentifier>{399bbd24-968e-4c18-92bd-03e0a6fc5b9b}</UniqueIdentifier>
    </Filter>
    <Filter Include="Lobelia\Common\Utility\PerformanceCounter">
      <UniqueIdentifier>{47abf5f0-4ffd-4399-ac41-dc18d7ef4f14}</UniqueIdentifier>
    </Filter>
    <Filter Include="Lobelia\Game\Actor">
      <UniqueIdentifier>{d1089554-8e60-4b11-958e-e95cd765ea47}</UniqueIdentifier>
    </Filter>
    <Filter Include="Lobelia\Game\Collision">
      <UniqueIdentifier>{db96b0d3-a073-4a4c-9068-694be2264509}</UniqueIdentifier>
    </Filter>
    <Filter Include="Lobelia\Game\Fuzzy">
      <UniqueIdentifier>{c715e4b1-ec3c-4fde-8a18-c06dfd156862}</UniqueIdentifier>
    </Filter>
    <Filter Include="Data\ShaderFile\GPGPU">
      <UniqueIdentifier>{5d4e8e18-bc43-485b-9c8c-636eb78840b6}</UniqueIdentifier>
    </Filter>
    <Filter Include="ソース ファイル\Common">
      <UniqueIdentifier>{0c0caedf-f43d-42e4-96d6-9bc375ffd797}</UniqueIdentifier>
    </Filter>
    <Filter Include="ヘッダー ファイル">
      <UniqueIdentifier>{93995380-89BD-4b04-88EB-625FBE52EBFB}</UniqueIdentifier>
      <Extensions>h;hh;hpp;hxx;hm;inl;inc;xsd</Extensions>
    </Filter>
    <Filter Include="ヘッダー ファイル\Scene">
      <UniqueIdentifier>{efa9466b-593e-48f8-9a8b-2a19b80673d7}</UniqueIdentifier>
    </Filter>
    <Filter Include="ヘッダー ファイル\Common">
      <UniqueIdentifier>{e78181e9-0961-45f3-9938-285b0095eee9}</UniqueIdentifier>
    </Filter>
  </ItemGroup>
  <ItemGroup>
    <ClCompile Include="System\WinMain.cpp">
      <Filter>ソース ファイル\System</Filter>
    </ClCompile>
    <ClCompile Include="Source\Scene\SceneMain.cpp">
      <Filter>ソース ファイル\Scene</Filter>
    </ClCompile>
    <ClCompile Include="Lobelia\Application\Application.cpp">
      <Filter>Lobelia\Application</Filter>
    </ClCompile>
    <ClCompile Include="Lobelia\Audio\Bank\Bank.cpp">
      <Filter>Lobelia\Audio\Bank</Filter>
    </ClCompile>
    <ClCompile Include="Lobelia\Audio\Device\Device.cpp">
      <Filter>Lobelia\Audio\Device</Filter>
    </ClCompile>
    <ClCompile Include="Lobelia\Audio\Voice\Voice.cpp">
      <Filter>Lobelia\Audio\Voice</Filter>
    </ClCompile>
    <ClCompile Include="Lobelia\Audio\Loader\Loader.cpp">
      <Filter>Lobelia\Audio\Loader</Filter>
    </ClCompile>
    <ClCompile Include="Lobelia\Common\Utility\FileController\FileController.cpp">
      <Filter>Lobelia\Common\Utility\FileController</Filter>
    </ClCompile>
    <ClCompile Include="Lobelia\Common\Utility\FilePathControl\FilePathControl.cpp">
      <Filter>Lobelia\Common\Utility\FilePathControl</Filter>
    </ClCompile>
    <ClCompile Include="Lobelia\Common\Window\Window.cpp">
      <Filter>Lobelia\Common\Window</Filter>
    </ClCompile>
    <ClCompile Include="Lobelia\Config\Config.cpp">
      <Filter>Lobelia\Config</Filter>
    </ClCompile>
    <ClCompile Include="Lobelia\Console\Console.cpp">
      <Filter>Lobelia\Console</Filter>
    </ClCompile>
    <ClCompile Include="Lobelia\Exception\Exception.cpp">
      <Filter>Lobelia\Exception</Filter>
    </ClCompile>
    <ClCompile Include="Lobelia\Graphics\BufferCreator\BufferCreator.cpp">
      <Filter>Lobelia\Graphics\BufferCreator</Filter>
    </ClCompile>
    <ClCompile Include="Lobelia\Graphics\Device\Device.cpp">
      <Filter>Lobelia\Graphics\Device</Filter>
    </ClCompile>
    <ClCompile Include="Lobelia\Graphics\DisplayInfo\DisplayInfo.cpp">
      <Filter>Lobelia\Graphics\DisplayInfo</Filter>
    </ClCompile>
    <ClCompile Include="Lobelia\Graphics\Environment\Environment.cpp">
      <Filter>Lobelia\Graphics\Environment</Filter>
    </ClCompile>
    <ClCompile Include="Lobelia\Graphics\GraphicDriverInfo\GraphicDriverInfo.cpp">
      <Filter>Lobelia\Graphics\GraphicDriverInfo</Filter>
    </ClCompile>
    <ClCompile Include="Lobelia\Graphics\InputLayout\InputLayout.cpp">
      <Filter>Lobelia\Graphics\InputLayout</Filter>
    </ClCompile>
    <ClCompile Include="Lobelia\Graphics\Material\Material.cpp">
      <Filter>Lobelia\Graphics\Material</Filter>
    </ClCompile>
    <ClCompile Include="Lobelia\Graphics\Model\Model.cpp">
      <Filter>Lobelia\Graphics\Model</Filter>
    </ClCompile>
    <ClCompile Include="Lobelia\Graphics\Renderer\Renderer.cpp">
      <Filter>Lobelia\Graphics\Renderer</Filter>
    </ClCompile>
    <ClCompile Include="Lobelia\Graphics\RenderState\RenderState.cpp">
      <Filter>Lobelia\Graphics\RenderState</Filter>
    </ClCompile>
    <ClCompile Include="Lobelia\Graphics\RenderTarget\RenderTarget.cpp">
      <Filter>Lobelia\Graphics\RenderTarget</Filter>
    </ClCompile>
    <ClCompile Include="Lobelia\Graphics\Shader\Reflection\Reflection.cpp">
      <Filter>Lobelia\Graphics\Shader\Reflection</Filter>
    </ClCompile>
    <ClCompile Include="Lobelia\Graphics\Shader\Shader.cpp">
      <Filter>Lobelia\Graphics\Shader</Filter>
    </ClCompile>
    <ClCompile Include="Lobelia\Graphics\Sprite\Sprite.cpp">
      <Filter>Lobelia\Graphics\Sprite</Filter>
    </ClCompile>
    <ClCompile Include="Lobelia\Graphics\SwapChain\ToneCurve\ToneCurve.cpp">
      <Filter>Lobelia\Graphics\SwapChain\ToneCurve</Filter>
    </ClCompile>
    <ClCompile Include="Lobelia\Graphics\SwapChain\SwapChain.cpp">
      <Filter>Lobelia\Graphics\SwapChain</Filter>
    </ClCompile>
    <ClCompile Include="Lobelia\Graphics\Texture\Texture.cpp">
      <Filter>Lobelia\Graphics\Texture</Filter>
    </ClCompile>
    <ClCompile Include="Lobelia\Graphics\View\View.cpp">
      <Filter>Lobelia\Graphics\View</Filter>
    </ClCompile>
    <ClCompile Include="Lobelia\Movie\Movie.cpp">
      <Filter>Lobelia\Movie</Filter>
    </ClCompile>
    <ClCompile Include="Lobelia\Network\Network.cpp">
      <Filter>Lobelia\Network</Filter>
    </ClCompile>
    <ClCompile Include="Lobelia\Lobelia.cpp">
      <Filter>Lobelia</Filter>
    </ClCompile>
    <ClCompile Include="ImGui\Source\imgui_demo.cpp">
      <Filter>ImGui\Source</Filter>
    </ClCompile>
    <ClCompile Include="ImGui\Source\imgui_draw.cpp">
      <Filter>ImGui\Source</Filter>
    </ClCompile>
    <ClCompile Include="ImGui\Source\imgui_impl_dx11.cpp">
      <Filter>ImGui\Source</Filter>
    </ClCompile>
    <ClCompile Include="ImGui\Source\imgui.cpp">
      <Filter>ImGui\Source</Filter>
    </ClCompile>
    <ClCompile Include="Lobelia\Graphics\GPUParticle\GPUParticle.cpp">
      <Filter>Lobelia\Graphics\GPUParticle</Filter>
    </ClCompile>
    <ClCompile Include="Lobelia\Graphics\Direct2D\Direct2DSystem.cpp">
      <Filter>Lobelia\Graphics\Direct2D</Filter>
    </ClCompile>
    <ClCompile Include="Lobelia\Game\DesignPattern\DesignPattern.cpp">
      <Filter>Lobelia\Game\DesignPattern</Filter>
    </ClCompile>
    <ClCompile Include="Lobelia\XML\XML.cpp">
      <Filter>Lobelia\XML</Filter>
    </ClCompile>
    <ClCompile Include="Lobelia\Graphics\Experimental\Effect.cpp">
      <Filter>Lobelia\Graphics\Experimental</Filter>
    </ClCompile>
    <ClCompile Include="Lobelia\Scene\Scene.cpp">
      <Filter>Lobelia\Scene</Filter>
    </ClCompile>
    <ClCompile Include="Lobelia\Input\Input.cpp">
      <Filter>Lobelia\Input</Filter>
    </ClCompile>
    <ClCompile Include="Lobelia\Input\Keyboard\Keyboard.cpp">
      <Filter>Lobelia\Input\Keyboard</Filter>
    </ClCompile>
    <ClCompile Include="Lobelia\Input\Mouse\Mouse.cpp">
      <Filter>Lobelia\Input\Mouse</Filter>
    </ClCompile>
    <ClCompile Include="Lobelia\Input\Joystick\Joystick.cpp">
      <Filter>Lobelia\Input\Joystick</Filter>
    </ClCompile>
    <ClCompile Include="Lobelia\Network\NetworkObject.cpp">
      <Filter>Lobelia\Network</Filter>
    </ClCompile>
    <ClCompile Include="Lobelia\Common\Utility\PerformanceCounter\PerformanceCounter.cpp">
      <Filter>Lobelia\Common\Utility\PerformanceCounter</Filter>
    </ClCompile>
    <ClCompile Include="Source\Scene\SceneSea.cpp">
      <Filter>ソース ファイル\Scene</Filter>
    </ClCompile>
    <ClCompile Include="Source\Scene\SceneDissolve.cpp">
      <Filter>ソース ファイル\Scene</Filter>
    </ClCompile>
    <ClCompile Include="Header\Scene\SceneFur.cpp">
      <Filter>ソース ファイル\Scene</Filter>
    </ClCompile>
    <ClCompile Include="Lobelia\Game\Actor\Actor.cpp">
      <Filter>Lobelia\Game\Actor</Filter>
    </ClCompile>
    <ClCompile Include="Lobelia\Game\Collision\Collision.cpp">
      <Filter>Lobelia\Game\Collision</Filter>
    </ClCompile>
    <ClCompile Include="Source\ParaboloidEnvironmentMap.cpp">
      <Filter>ソース ファイル</Filter>
    </ClCompile>
    <ClCompile Include="Lobelia\Game\Fuzzy\Fuzzy.cpp">
      <Filter>Lobelia\Game\Fuzzy</Filter>
    </ClCompile>
    <ClCompile Include="Source\Scene\SceneDeferred.cpp">
      <Filter>ソース ファイル\Scene</Filter>
    </ClCompile>
    <ClCompile Include="Source\Scene\SceneCompute.cpp">
      <Filter>ソース ファイル\Scene</Filter>
    </ClCompile>
    <ClCompile Include="Source\Common\SkyBox.cpp">
      <Filter>ソース ファイル\Common</Filter>
    </ClCompile>
    <ClCompile Include="Source\Common\DeferredBuffer.cpp">
      <Filter>ソース ファイル\Common</Filter>
    </ClCompile>
    <ClCompile Include="Source\Common\DeferredShader.cpp">
      <Filter>ソース ファイル\Common</Filter>
    </ClCompile>
    <ClCompile Include="Source\Common\ShadowBuffer.cpp">
      <Filter>ソース ファイル\Common</Filter>
    </ClCompile>
    <ClCompile Include="Source\Common\PostEffect.cpp">
      <Filter>ソース ファイル\Common</Filter>
    </ClCompile>
    <ClCompile Include="Source\Common\ComputeBuffer.cpp">
      <Filter>ソース ファイル\Common</Filter>
    </ClCompile>
    <ClCompile Include="Source\Common\Raycaster.cpp">
      <Filter>ソース ファイル\Common</Filter>
    </ClCompile>
    <ClCompile Include="Source\Common\Camera.cpp">
      <Filter>ソース ファイル\Common</Filter>
    </ClCompile>
    <ClCompile Include="Source\Common\Character.cpp">
      <Filter>ソース ファイル\Common</Filter>
    </ClCompile>
    <ClCompile Include="Lobelia\Game\PathPlanner\NaviMesh.cpp">
      <Filter>Lobelia\Game\PathPlanner</Filter>
    </ClCompile>
  </ItemGroup>
  <ItemGroup>
    <ClInclude Include="ImGui\Header\imconfig.h">
      <Filter>ImGui\Header</Filter>
    </ClInclude>
    <ClInclude Include="ImGui\Header\imgui.h">
      <Filter>ImGui\Header</Filter>
    </ClInclude>
    <ClInclude Include="ImGui\Header\imgui_impl_dx11.h">
      <Filter>ImGui\Header</Filter>
    </ClInclude>
    <ClInclude Include="ImGui\Header\imgui_internal.h">
      <Filter>ImGui\Header</Filter>
    </ClInclude>
    <ClInclude Include="ImGui\Header\stb_rect_pack.h">
      <Filter>ImGui\Header</Filter>
    </ClInclude>
    <ClInclude Include="ImGui\Header\stb_textedit.h">
      <Filter>ImGui\Header</Filter>
    </ClInclude>
    <ClInclude Include="ImGui\Header\stb_truetype.h">
      <Filter>ImGui\Header</Filter>
    </ClInclude>
    <ClInclude Include="Header\Scene\SceneMain.hpp">
      <Filter>ヘッダー ファイル\Scene</Filter>
    </ClInclude>
    <ClInclude Include="Lobelia\Application\Application.hpp">
      <Filter>Lobelia\Application</Filter>
    </ClInclude>
    <ClInclude Include="Lobelia\Audio\Bank\Bank.hpp">
      <Filter>Lobelia\Audio\Bank</Filter>
    </ClInclude>
    <ClInclude Include="Lobelia\Audio\Device\Device.hpp">
      <Filter>Lobelia\Audio\Device</Filter>
    </ClInclude>
    <ClInclude Include="Lobelia\Audio\Voice\Voice.hpp">
      <Filter>Lobelia\Audio\Voice</Filter>
    </ClInclude>
    <ClInclude Include="Lobelia\Audio\Loader\Loader.hpp">
      <Filter>Lobelia\Audio\Loader</Filter>
    </ClInclude>
    <ClInclude Include="Lobelia\Common\Common.hpp">
      <Filter>Lobelia\Common</Filter>
    </ClInclude>
    <ClInclude Include="Lobelia\Common\Define\Define.hpp">
      <Filter>Lobelia\Common\Define</Filter>
    </ClInclude>
    <ClInclude Include="Lobelia\Common\Timer\Timer.h">
      <Filter>Lobelia\Common\Timer</Filter>
    </ClInclude>
    <ClInclude Include="Lobelia\Common\Utility\Singleton.hpp">
      <Filter>Lobelia\Common\Utility</Filter>
    </ClInclude>
    <ClInclude Include="Lobelia\Common\Utility\Utility.hpp">
      <Filter>Lobelia\Common\Utility</Filter>
    </ClInclude>
    <ClInclude Include="Lobelia\Common\Utility\Color.hpp">
      <Filter>Lobelia\Common\Utility</Filter>
    </ClInclude>
    <ClInclude Include="Lobelia\Common\Utility\FileController\FileController.hpp">
      <Filter>Lobelia\Common\Utility\FileController</Filter>
    </ClInclude>
    <ClInclude Include="Lobelia\Common\Utility\FilePathControl\FilePathControl.hpp">
      <Filter>Lobelia\Common\Utility\FilePathControl</Filter>
    </ClInclude>
    <ClInclude Include="Lobelia\Common\Utility\ResourceBank\ResourceBank.hpp">
      <Filter>Lobelia\Common\Utility\ResourceBank</Filter>
    </ClInclude>
    <ClInclude Include="Lobelia\Common\Window\Window.h">
      <Filter>Lobelia\Common\Window</Filter>
    </ClInclude>
    <ClInclude Include="Lobelia\Config\Config.hpp">
      <Filter>Lobelia\Config</Filter>
    </ClInclude>
    <ClInclude Include="Lobelia\Console\Console.hpp">
      <Filter>Lobelia\Console</Filter>
    </ClInclude>
    <ClInclude Include="Lobelia\Exception\Exception.hpp">
      <Filter>Lobelia\Exception</Filter>
    </ClInclude>
    <ClInclude Include="Lobelia\Graphics\BufferCreator\BufferCreator.h">
      <Filter>Lobelia\Graphics\BufferCreator</Filter>
    </ClInclude>
    <ClInclude Include="Lobelia\Graphics\ConstantBuffer\ShaderStageList.hpp">
      <Filter>Lobelia\Graphics\ConstantBuffer</Filter>
    </ClInclude>
    <ClInclude Include="Lobelia\Graphics\ConstantBuffer\ConstantBuffer.hpp">
      <Filter>Lobelia\Graphics\ConstantBuffer</Filter>
    </ClInclude>
    <ClInclude Include="Lobelia\Graphics\Device\Device.hpp">
      <Filter>Lobelia\Graphics\Device</Filter>
    </ClInclude>
    <ClInclude Include="Lobelia\Graphics\DisplayInfo\DisplayInfo.hpp">
      <Filter>Lobelia\Graphics\DisplayInfo</Filter>
    </ClInclude>
    <ClInclude Include="Lobelia\Graphics\Environment\Environment.hpp">
      <Filter>Lobelia\Graphics\Environment</Filter>
    </ClInclude>
    <ClInclude Include="Lobelia\Graphics\GraphicDriverInfo\GraphicDriverInfo.hpp">
      <Filter>Lobelia\Graphics\GraphicDriverInfo</Filter>
    </ClInclude>
    <ClInclude Include="Lobelia\Graphics\InputLayout\InputLayout.hpp">
      <Filter>Lobelia\Graphics\InputLayout</Filter>
    </ClInclude>
    <ClInclude Include="Lobelia\Graphics\Material\Material.hpp">
      <Filter>Lobelia\Graphics\Material</Filter>
    </ClInclude>
    <ClInclude Include="Lobelia\Graphics\Mesh\Mesh.hpp">
      <Filter>Lobelia\Graphics\Mesh</Filter>
    </ClInclude>
    <ClInclude Include="Lobelia\Graphics\Model\Model.hpp">
      <Filter>Lobelia\Graphics\Model</Filter>
    </ClInclude>
    <ClInclude Include="Lobelia\Graphics\Origin\Origin.hpp">
      <Filter>Lobelia\Graphics\Origin</Filter>
    </ClInclude>
    <ClInclude Include="Lobelia\Graphics\Renderer\Renderer.hpp">
      <Filter>Lobelia\Graphics\Renderer</Filter>
    </ClInclude>
    <ClInclude Include="Lobelia\Graphics\RenderState\RenderState.hpp">
      <Filter>Lobelia\Graphics\RenderState</Filter>
    </ClInclude>
    <ClInclude Include="Lobelia\Graphics\RenderTarget\RenderTarget.hpp">
      <Filter>Lobelia\Graphics\RenderTarget</Filter>
    </ClInclude>
    <ClInclude Include="Lobelia\Graphics\Shader\Reflection\Reflection.hpp">
      <Filter>Lobelia\Graphics\Shader\Reflection</Filter>
    </ClInclude>
    <ClInclude Include="Lobelia\Graphics\Shader\Shader.hpp">
      <Filter>Lobelia\Graphics\Shader</Filter>
    </ClInclude>
    <ClInclude Include="Lobelia\Graphics\Shader\ShaderBank.hpp">
      <Filter>Lobelia\Graphics\Shader</Filter>
    </ClInclude>
    <ClInclude Include="Lobelia\Graphics\Sprite\Sprite.hpp">
      <Filter>Lobelia\Graphics\Sprite</Filter>
    </ClInclude>
    <ClInclude Include="Lobelia\Graphics\SwapChain\ToneCurve\ToneCurve.hpp">
      <Filter>Lobelia\Graphics\SwapChain\ToneCurve</Filter>
    </ClInclude>
    <ClInclude Include="Lobelia\Graphics\SwapChain\SwapChain.hpp">
      <Filter>Lobelia\Graphics\SwapChain</Filter>
    </ClInclude>
    <ClInclude Include="Lobelia\Graphics\Texture\Texture.hpp">
      <Filter>Lobelia\Graphics\Texture</Filter>
    </ClInclude>
    <ClInclude Include="Lobelia\Graphics\Transform\Transform.hpp">
      <Filter>Lobelia\Graphics\Transform</Filter>
    </ClInclude>
    <ClInclude Include="Lobelia\Graphics\View\View.hpp">
      <Filter>Lobelia\Graphics\View</Filter>
    </ClInclude>
    <ClInclude Include="Lobelia\Math\Math.hpp">
      <Filter>Lobelia\Math</Filter>
    </ClInclude>
    <ClInclude Include="Lobelia\Movie\Movie.hpp">
      <Filter>Lobelia\Movie</Filter>
    </ClInclude>
    <ClInclude Include="Lobelia\Scene\Scene.hpp">
      <Filter>Lobelia\Scene</Filter>
    </ClInclude>
    <ClInclude Include="Lobelia\Common\Literal\Literal.hpp">
      <Filter>Lobelia\Common\Literal</Filter>
    </ClInclude>
    <ClInclude Include="Lobelia\Lobelia.hpp">
      <Filter>Lobelia</Filter>
    </ClInclude>
    <ClInclude Include="Lobelia\Network\Network.hpp">
      <Filter>Lobelia\Network</Filter>
    </ClInclude>
    <ClInclude Include="Lobelia\Graphics\GPUParticle\GPUParticle.hpp">
      <Filter>Lobelia\Graphics\GPUParticle</Filter>
    </ClInclude>
    <ClInclude Include="Lobelia\Graphics\Direct2D\Direct2DSystem.hpp">
      <Filter>Lobelia\Graphics\Direct2D</Filter>
    </ClInclude>
    <ClInclude Include="Lobelia\Game\SelectModule.hpp">
      <Filter>Lobelia\Game</Filter>
    </ClInclude>
    <ClInclude Include="Lobelia\Game\Ranking.hpp">
      <Filter>Lobelia\Game</Filter>
    </ClInclude>
    <ClInclude Include="Lobelia\Game\DesignPattern\DesignPattern.hpp">
      <Filter>Lobelia\Game\DesignPattern</Filter>
    </ClInclude>
    <ClInclude Include="Lobelia\XML\XML.hpp">
      <Filter>Lobelia\XML</Filter>
    </ClInclude>
    <ClInclude Include="Lobelia\Game\StringView.hpp">
      <Filter>Lobelia\Game</Filter>
    </ClInclude>
    <ClInclude Include="Lobelia\Graphics\Experimental\Effect.hpp">
      <Filter>Lobelia\Graphics\Experimental</Filter>
    </ClInclude>
    <ClInclude Include="Lobelia\Graphics\RenderableObject\RenderableObject.hpp">
      <Filter>Lobelia\Graphics\RenderableObject</Filter>
    </ClInclude>
    <ClInclude Include="Lobelia\Input\Input.hpp">
      <Filter>Lobelia\Input</Filter>
    </ClInclude>
    <ClInclude Include="Lobelia\Input\Keyboard\Keyboard.hpp">
      <Filter>Lobelia\Input\Keyboard</Filter>
    </ClInclude>
    <ClInclude Include="Lobelia\Input\Mouse\Mouse.hpp">
      <Filter>Lobelia\Input\Mouse</Filter>
    </ClInclude>
    <ClInclude Include="Lobelia\Input\Joystick\Joystick.hpp">
      <Filter>Lobelia\Input\Joystick</Filter>
    </ClInclude>
    <ClInclude Include="Lobelia\Network\NetworkObject.hpp">
      <Filter>Lobelia\Network</Filter>
    </ClInclude>
    <ClInclude Include="Lobelia\Game\PathPlanner\PathPlanner.hpp">
      <Filter>Lobelia\Game\PathPlanner</Filter>
    </ClInclude>
    <ClInclude Include="Lobelia\Common\Utility\PerformanceCounter\PerformanceCounter.hpp">
      <Filter>Lobelia\Common\Utility\PerformanceCounter</Filter>
    </ClInclude>
    <ClInclude Include="Header\Scene\SceneSea.hpp">
      <Filter>ヘッダー ファイル\Scene</Filter>
    </ClInclude>
    <ClInclude Include="Header\Scene\SceneDissolve.hpp">
      <Filter>ヘッダー ファイル\Scene</Filter>
    </ClInclude>
    <ClInclude Include="Header\Scene\SceneFur.hpp">
      <Filter>ヘッダー ファイル\Scene</Filter>
    </ClInclude>
    <ClInclude Include="Lobelia\Game\Actor\Actor.hpp">
      <Filter>Lobelia\Game\Actor</Filter>
    </ClInclude>
    <ClInclude Include="Lobelia\Game\Collision\Collision.hpp">
      <Filter>Lobelia\Game\Collision</Filter>
    </ClInclude>
    <ClInclude Include="Header\ParaboloidEnvironmentMap.hpp">
      <Filter>ヘッダー ファイル</Filter>
    </ClInclude>
    <ClInclude Include="Lobelia\Game\Fuzzy\Fuzzy.hpp">
      <Filter>Lobelia\Game\Fuzzy</Filter>
    </ClInclude>
    <ClInclude Include="Header\Scene\SceneDeferred.hpp">
      <Filter>ヘッダー ファイル\Scene</Filter>
    </ClInclude>
    <ClInclude Include="Header\Scene\SceneCompute.hpp">
      <Filter>ヘッダー ファイル\Scene</Filter>
    </ClInclude>
    <ClInclude Include="Data\ShaderFile\Define.h">
      <Filter>Data\ShaderFile</Filter>
    </ClInclude>
    <ClInclude Include="Header\Common\SkyBox.hpp">
      <Filter>ヘッダー ファイル\Common</Filter>
    </ClInclude>
    <ClInclude Include="Header\Common\Camera.hpp">
      <Filter>ヘッダー ファイル\Common</Filter>
    </ClInclude>
    <ClInclude Include="Header\Common\DeferredBuffer.hpp">
      <Filter>ヘッダー ファイル\Common</Filter>
    </ClInclude>
    <ClInclude Include="Header\Common\DeferredShader.hpp">
      <Filter>ヘッダー ファイル\Common</Filter>
    </ClInclude>
    <ClInclude Include="Header\Common\PostEffect.hpp">
      <Filter>ヘッダー ファイル\Common</Filter>
    </ClInclude>
    <ClInclude Include="Header\Common\ShadowBuffer.hpp">
      <Filter>ヘッダー ファイル\Common</Filter>
    </ClInclude>
    <ClInclude Include="Header\Common\ComputeBuffer.hpp">
      <Filter>ヘッダー ファイル\Common</Filter>
    </ClInclude>
    <ClInclude Include="Header\Common\Raycaster.hpp">
      <Filter>ヘッダー ファイル\Common</Filter>
    </ClInclude>
    <ClInclude Include="Header\Common\Character.hpp">
      <Filter>ヘッダー ファイル\Common</Filter>
    </ClInclude>
    <ClInclude Include="Lobelia\Game\PathPlanner\NaviMesh.hpp">
      <Filter>Lobelia\Game\PathPlanner</Filter>
    </ClInclude>
  </ItemGroup>
  <ItemGroup>
    <None Include="Data\ShaderFile\Header.hlsli">
      <Filter>Data\ShaderFile</Filter>
    </None>
    <None Include="Data\ShaderFile\2D\Header2D.hlsli">
      <Filter>Data\ShaderFile\2D</Filter>
    </None>
    <None Include="Data\ShaderFile\3D\Header3D.hlsli">
      <Filter>Data\ShaderFile\3D</Filter>
    </None>
    <None Include="Lobelia\Application\Application.inl">
      <Filter>Lobelia\Application</Filter>
    </None>
    <None Include="Lobelia\Common\Timer\Timer.inl">
      <Filter>Lobelia\Common\Timer</Filter>
    </None>
    <None Include="Lobelia\Common\Utility\FileController\FileController.inl">
      <Filter>Lobelia\Common\Utility\FileController</Filter>
    </None>
    <None Include="Lobelia\Common\Utility\ResourceBank\ResourceBank.inl">
      <Filter>Lobelia\Common\Utility\ResourceBank</Filter>
    </None>
    <None Include="Lobelia\Common\Window\Window.inl">
      <Filter>Lobelia\Common\Window</Filter>
    </None>
    <None Include="Lobelia\Graphics\ConstantBuffer\ConstantBuffer.inl">
      <Filter>Lobelia\Graphics\ConstantBuffer</Filter>
    </None>
    <None Include="Lobelia\Graphics\Mesh\Mesh.inl">
      <Filter>Lobelia\Graphics\Mesh</Filter>
    </None>
    <None Include="Lobelia\Graphics\Origin\Origin.inl">
      <Filter>Lobelia\Graphics\Origin</Filter>
    </None>
    <None Include="Lobelia\Graphics\Shader\ShaderBank.inl">
      <Filter>Lobelia\Graphics\Shader</Filter>
    </None>
    <None Include="Data\ShaderFile\Common\Common.hlsli">
      <Filter>Data\ShaderFile\Common</Filter>
    </None>
    <None Include="Data\ShaderFile\GPUParticle\GPUParticleDefine.hlsli">
      <Filter>Data\ShaderFile\GPUParticle</Filter>
    </None>
    <None Include="Data\ShaderFile\3D\Sea.hlsl">
      <Filter>Data\ShaderFile\3D</Filter>
    </None>
    <None Include="Data\ShaderFile\3D\ParaboloidEnvironmentMap.hlsl">
      <Filter>Data\ShaderFile\3D</Filter>
    </None>
  </ItemGroup>
  <ItemGroup>
    <FxCompile Include="Data\ShaderFile\2D\PS.hlsl">
      <Filter>Data\ShaderFile\2D</Filter>
    </FxCompile>
    <FxCompile Include="Data\ShaderFile\3D\PS.hlsl">
      <Filter>Data\ShaderFile\3D</Filter>
    </FxCompile>
    <FxCompile Include="Data\ShaderFile\2D\VS.hlsl">
      <Filter>Data\ShaderFile\2D</Filter>
    </FxCompile>
    <FxCompile Include="Data\ShaderFile\2D\User.hlsl">
      <Filter>Data\ShaderFile\2D</Filter>
    </FxCompile>
    <FxCompile Include="Data\ShaderFile\GPUParticle\GPUParticle.hlsl">
      <Filter>Data\ShaderFile\GPUParticle</Filter>
    </FxCompile>
    <FxCompile Include="Data\ShaderFile\3D\VS.hlsl">
      <Filter>Data\ShaderFile\3D</Filter>
    </FxCompile>
    <FxCompile Include="Data\ShaderFile\3D\Dissolve.hlsl">
      <Filter>Data\ShaderFile\3D</Filter>
    </FxCompile>
    <FxCompile Include="Data\ShaderFile\3D\Fur.hlsl">
      <Filter>Data\ShaderFile\3D</Filter>
    </FxCompile>
    <FxCompile Include="Data\ShaderFile\3D\Deferred.hlsl">
      <Filter>Data\ShaderFile\3D</Filter>
    </FxCompile>
    <FxCompile Include="Data\ShaderFile\2D\PostEffect.hlsl">
      <Filter>Data\ShaderFile\2D</Filter>
    </FxCompile>
    <FxCompile Include="Data\ShaderFile\GPGPU\GPGPU.hlsl">
      <Filter>Data\ShaderFile\GPGPU</Filter>
    </FxCompile>
  </ItemGroup>
  <ItemGroup>
    <Xml Include="Data\Config\Config.xml">
      <Filter>リソース ファイル</Filter>
    </Xml>
  </ItemGroup>
</Project>